
Microsoft Visual Studio Solution File, Format Version 12.00
# Visual Studio 14
VisualStudioVersion = 14.0.23107.0
MinimumVisualStudioVersion = 10.0.40219.1
Project("{FAE04EC0-301F-11D3-BF4B-00C04F79EFBC}") = "PresentationApp", "PresentationApp\PresentationApp.csproj", "{5B74ADFC-3687-4805-B46D-E35D26A4F068}"
EndProject
Project("{FAE04EC0-301F-11D3-BF4B-00C04F79EFBC}") = "PresentationApp.Tests", "PresentationApp.Tests\PresentationApp.Tests.csproj", "{D76AA7C6-F613-4681-9D2A-75B66093A946}"
EndProject
Project("{FAE04EC0-301F-11D3-BF4B-00C04F79EFBC}") = "DataManipulation", "DataManipulation\DataManipulation.csproj", "{4D8B560D-C76A-4616-8BC3-F93A1F55C869}"
EndProject
Global
	GlobalSection(SolutionConfigurationPlatforms) = preSolution
		Debug|Any CPU = Debug|Any CPU
		Release|Any CPU = Release|Any CPU
	EndGlobalSection
	GlobalSection(ProjectConfigurationPlatforms) = postSolution
		{5B74ADFC-3687-4805-B46D-E35D26A4F068}.Debug|Any CPU.ActiveCfg = Debug|Any CPU
		{5B74ADFC-3687-4805-B46D-E35D26A4F068}.Debug|Any CPU.Build.0 = Debug|Any CPU
		{5B74ADFC-3687-4805-B46D-E35D26A4F068}.Release|Any CPU.ActiveCfg = Release|Any CPU
		{5B74ADFC-3687-4805-B46D-E35D26A4F068}.Release|Any CPU.Build.0 = Release|Any CPU
		{D76AA7C6-F613-4681-9D2A-75B66093A946}.Debug|Any CPU.ActiveCfg = Debug|Any CPU
		{D76AA7C6-F613-4681-9D2A-75B66093A946}.Debug|Any CPU.Build.0 = Debug|Any CPU
		{D76AA7C6-F613-4681-9D2A-75B66093A946}.Release|Any CPU.ActiveCfg = Release|Any CPU
		{D76AA7C6-F613-4681-9D2A-75B66093A946}.Release|Any CPU.Build.0 = Release|Any CPU
		{4D8B560D-C76A-4616-8BC3-F93A1F55C869}.Debug|Any CPU.ActiveCfg = Debug|Any CPU
		{4D8B560D-C76A-4616-8BC3-F93A1F55C869}.Debug|Any CPU.Build.0 = Debug|Any CPU
		{4D8B560D-C76A-4616-8BC3-F93A1F55C869}.Release|Any CPU.ActiveCfg = Release|Any CPU
		{4D8B560D-C76A-4616-8BC3-F93A1F55C869}.Release|Any CPU.Build.0 = Release|Any CPU
	EndGlobalSection
	GlobalSection(SolutionProperties) = preSolution
		HideSolutionNode = FALSE
	EndGlobalSection
EndGlobal
